// !$*UTF8*$!
{
	archiveVersion = 1;
	classes = {
	};
	objectVersion = 46;
	objects = {

/* Begin PBXBuildFile section */
		119B8A255F1FAB10EC41307D /* libPods-UIWebViewDemo.a in Frameworks */ = {isa = PBXBuildFile; fileRef = 0C2B041FF0D8F2A9FA86CA66 /* libPods-UIWebViewDemo.a */; };
		930EE78A1A1FA5B900052723 /* CustomURLProtocol.m in Sources */ = {isa = PBXBuildFile; fileRef = 930EE7891A1FA5B900052723 /* CustomURLProtocol.m */; };
		9310311617AC9F2D003BA1EE /* UIKit.framework in Frameworks */ = {isa = PBXBuildFile; fileRef = 9310311517AC9F2D003BA1EE /* UIKit.framework */; };
		9310311817AC9F2D003BA1EE /* Foundation.framework in Frameworks */ = {isa = PBXBuildFile; fileRef = 9310311717AC9F2D003BA1EE /* Foundation.framework */; };
		9310311A17AC9F2D003BA1EE /* CoreGraphics.framework in Frameworks */ = {isa = PBXBuildFile; fileRef = 9310311917AC9F2D003BA1EE /* CoreGraphics.framework */; };
		9310312017AC9F2D003BA1EE /* InfoPlist.strings in Resources */ = {isa = PBXBuildFile; fileRef = 9310311E17AC9F2D003BA1EE /* InfoPlist.strings */; };
		9310312217AC9F2D003BA1EE /* main.m in Sources */ = {isa = PBXBuildFile; fileRef = 9310312117AC9F2D003BA1EE /* main.m */; };
		9310312617AC9F2D003BA1EE /* AppDelegate.m in Sources */ = {isa = PBXBuildFile; fileRef = 9310312517AC9F2D003BA1EE /* AppDelegate.m */; };
		9310312817AC9F2D003BA1EE /* Default.png in Resources */ = {isa = PBXBuildFile; fileRef = 9310312717AC9F2D003BA1EE /* Default.png */; };
		9310312A17AC9F2D003BA1EE /* Default@2x.png in Resources */ = {isa = PBXBuildFile; fileRef = 9310312917AC9F2D003BA1EE /* Default@2x.png */; };
		9310312C17AC9F2D003BA1EE /* Default-568h@2x.png in Resources */ = {isa = PBXBuildFile; fileRef = 9310312B17AC9F2D003BA1EE /* Default-568h@2x.png */; };
		931194DF1E8E073800F2AA1C /* BannerViewController.m in Sources */ = {isa = PBXBuildFile; fileRef = 931194DE1E8E073800F2AA1C /* BannerViewController.m */; };
		93385A5A1E279597001980DC /* CustomButton.m in Sources */ = {isa = PBXBuildFile; fileRef = 93385A591E279597001980DC /* CustomButton.m */; };
		93385A5D1E27AB21001980DC /* UIView+Addtions.m in Sources */ = {isa = PBXBuildFile; fileRef = 93385A5C1E27AB21001980DC /* UIView+Addtions.m */; };
		93385A601E27B73D001980DC /* URLViewController.m in Sources */ = {isa = PBXBuildFile; fileRef = 93385A5F1E27B73D001980DC /* URLViewController.m */; };
		935FB2401E20DA8400E3EBD8 /* CoreFoundation.framework in Frameworks */ = {isa = PBXBuildFile; fileRef = 935FB23F1E20DA8400E3EBD8 /* CoreFoundation.framework */; };
		935FB2421E20DAB900E3EBD8 /* QuartzCore.framework in Frameworks */ = {isa = PBXBuildFile; fileRef = 935FB2411E20DAB900E3EBD8 /* QuartzCore.framework */; };
		935FB2581E20DB6400E3EBD8 /* SystemConfiguration.framework in Frameworks */ = {isa = PBXBuildFile; fileRef = 935FB2571E20DB6400E3EBD8 /* SystemConfiguration.framework */; };
		935FB25A1E20DB9400E3EBD8 /* Security.framework in Frameworks */ = {isa = PBXBuildFile; fileRef = 935FB2591E20DB9400E3EBD8 /* Security.framework */; };
		935FB25C1E20DBBB00E3EBD8 /* MobileCoreServices.framework in Frameworks */ = {isa = PBXBuildFile; fileRef = 935FB25B1E20DBBB00E3EBD8 /* MobileCoreServices.framework */; };
		935FB2611E20E1E600E3EBD8 /* ViewController.mm in Sources */ = {isa = PBXBuildFile; fileRef = 935FB2601E20E1E600E3EBD8 /* ViewController.mm */; };
		9376DE8C1C1054EE00256A7A /* CustomPreferences.mm in Sources */ = {isa = PBXBuildFile; fileRef = 9376DE8B1C1054EE00256A7A /* CustomPreferences.mm */; };
		937B89F81E94E3DF009B127C /* WXImageDownloadModule.m in Sources */ = {isa = PBXBuildFile; fileRef = 937B89F71E94E3DF009B127C /* WXImageDownloadModule.m */; };
		939F9BE91E35A66300E3BFDE /* URLModel.m in Sources */ = {isa = PBXBuildFile; fileRef = 939F9BE81E35A66300E3BFDE /* URLModel.m */; };
		93A1F7F01E8FA9270055044C /* weex_bundle in Resources */ = {isa = PBXBuildFile; fileRef = 93A1F7EF1E8FA9270055044C /* weex_bundle */; };
/* End PBXBuildFile section */

/* Begin PBXCopyFilesBuildPhase section */
		93C9E4481950227300516B63 /* Embed App Extensions */ = {
			isa = PBXCopyFilesBuildPhase;
			buildActionMask = 2147483647;
			dstPath = "";
			dstSubfolderSpec = 13;
			files = (
			);
			name = "Embed App Extensions";
			runOnlyForDeploymentPostprocessing = 0;
		};
/* End PBXCopyFilesBuildPhase section */

/* Begin PBXFileReference section */
		0C2B041FF0D8F2A9FA86CA66 /* libPods-UIWebViewDemo.a */ = {isa = PBXFileReference; explicitFileType = archive.ar; includeInIndex = 0; path = "libPods-UIWebViewDemo.a"; sourceTree = BUILT_PRODUCTS_DIR; };
		5C42C37B1DDFB1D3694E39B9 /* Pods-UIWebViewDemo.release.xcconfig */ = {isa = PBXFileReference; includeInIndex = 1; lastKnownFileType = text.xcconfig; name = "Pods-UIWebViewDemo.release.xcconfig"; path = "Pods/Target Support Files/Pods-UIWebViewDemo/Pods-UIWebViewDemo.release.xcconfig"; sourceTree = "<group>"; };
		930EE7881A1FA5B900052723 /* CustomURLProtocol.h */ = {isa = PBXFileReference; fileEncoding = 4; lastKnownFileType = sourcecode.c.h; path = CustomURLProtocol.h; sourceTree = "<group>"; };
		930EE7891A1FA5B900052723 /* CustomURLProtocol.m */ = {isa = PBXFileReference; fileEncoding = 4; lastKnownFileType = sourcecode.c.objc; path = CustomURLProtocol.m; sourceTree = "<group>"; };
		9310311217AC9F2D003BA1EE /* UIWebViewDemo.app */ = {isa = PBXFileReference; explicitFileType = wrapper.application; includeInIndex = 0; path = UIWebViewDemo.app; sourceTree = BUILT_PRODUCTS_DIR; };
		9310311517AC9F2D003BA1EE /* UIKit.framework */ = {isa = PBXFileReference; lastKnownFileType = wrapper.framework; name = UIKit.framework; path = System/Library/Frameworks/UIKit.framework; sourceTree = SDKROOT; };
		9310311717AC9F2D003BA1EE /* Foundation.framework */ = {isa = PBXFileReference; lastKnownFileType = wrapper.framework; name = Foundation.framework; path = System/Library/Frameworks/Foundation.framework; sourceTree = SDKROOT; };
		9310311917AC9F2D003BA1EE /* CoreGraphics.framework */ = {isa = PBXFileReference; lastKnownFileType = wrapper.framework; name = CoreGraphics.framework; path = System/Library/Frameworks/CoreGraphics.framework; sourceTree = SDKROOT; };
		9310311D17AC9F2D003BA1EE /* UIWebViewDemo-Info.plist */ = {isa = PBXFileReference; lastKnownFileType = text.plist.xml; path = "UIWebViewDemo-Info.plist"; sourceTree = "<group>"; };
		9310311F17AC9F2D003BA1EE /* en */ = {isa = PBXFileReference; lastKnownFileType = text.plist.strings; name = en; path = en.lproj/InfoPlist.strings; sourceTree = "<group>"; };
		9310312117AC9F2D003BA1EE /* main.m */ = {isa = PBXFileReference; lastKnownFileType = sourcecode.c.objc; path = main.m; sourceTree = "<group>"; };
		9310312317AC9F2D003BA1EE /* UIWebViewDemo-Prefix.pch */ = {isa = PBXFileReference; lastKnownFileType = sourcecode.c.h; path = "UIWebViewDemo-Prefix.pch"; sourceTree = "<group>"; };
		9310312417AC9F2D003BA1EE /* AppDelegate.h */ = {isa = PBXFileReference; lastKnownFileType = sourcecode.c.h; path = AppDelegate.h; sourceTree = "<group>"; };
		9310312517AC9F2D003BA1EE /* AppDelegate.m */ = {isa = PBXFileReference; lastKnownFileType = sourcecode.c.objc; path = AppDelegate.m; sourceTree = "<group>"; };
		9310312717AC9F2D003BA1EE /* Default.png */ = {isa = PBXFileReference; lastKnownFileType = image.png; path = Default.png; sourceTree = "<group>"; };
		9310312917AC9F2D003BA1EE /* Default@2x.png */ = {isa = PBXFileReference; lastKnownFileType = image.png; path = "Default@2x.png"; sourceTree = "<group>"; };
		9310312B17AC9F2D003BA1EE /* Default-568h@2x.png */ = {isa = PBXFileReference; lastKnownFileType = image.png; path = "Default-568h@2x.png"; sourceTree = "<group>"; };
		9310312D17AC9F2D003BA1EE /* ViewController.h */ = {isa = PBXFileReference; lastKnownFileType = sourcecode.c.h; path = ViewController.h; sourceTree = "<group>"; };
		931194DD1E8E073800F2AA1C /* BannerViewController.h */ = {isa = PBXFileReference; fileEncoding = 4; lastKnownFileType = sourcecode.c.h; path = BannerViewController.h; sourceTree = "<group>"; };
		931194DE1E8E073800F2AA1C /* BannerViewController.m */ = {isa = PBXFileReference; fileEncoding = 4; lastKnownFileType = sourcecode.c.objc; path = BannerViewController.m; sourceTree = "<group>"; };
		93385A581E279597001980DC /* CustomButton.h */ = {isa = PBXFileReference; fileEncoding = 4; lastKnownFileType = sourcecode.c.h; path = CustomButton.h; sourceTree = "<group>"; };
		93385A591E279597001980DC /* CustomButton.m */ = {isa = PBXFileReference; fileEncoding = 4; lastKnownFileType = sourcecode.c.objc; path = CustomButton.m; sourceTree = "<group>"; };
		93385A5B1E27AB21001980DC /* UIView+Addtions.h */ = {isa = PBXFileReference; fileEncoding = 4; lastKnownFileType = sourcecode.c.h; path = "UIView+Addtions.h"; sourceTree = "<group>"; };
		93385A5C1E27AB21001980DC /* UIView+Addtions.m */ = {isa = PBXFileReference; fileEncoding = 4; lastKnownFileType = sourcecode.c.objc; path = "UIView+Addtions.m"; sourceTree = "<group>"; };
		93385A5E1E27B73D001980DC /* URLViewController.h */ = {isa = PBXFileReference; fileEncoding = 4; lastKnownFileType = sourcecode.c.h; path = URLViewController.h; sourceTree = "<group>"; };
		93385A5F1E27B73D001980DC /* URLViewController.m */ = {isa = PBXFileReference; fileEncoding = 4; lastKnownFileType = sourcecode.c.objc; path = URLViewController.m; sourceTree = "<group>"; };
		935FB23F1E20DA8400E3EBD8 /* CoreFoundation.framework */ = {isa = PBXFileReference; lastKnownFileType = wrapper.framework; name = CoreFoundation.framework; path = System/Library/Frameworks/CoreFoundation.framework; sourceTree = SDKROOT; };
		935FB2411E20DAB900E3EBD8 /* QuartzCore.framework */ = {isa = PBXFileReference; lastKnownFileType = wrapper.framework; name = QuartzCore.framework; path = System/Library/Frameworks/QuartzCore.framework; sourceTree = SDKROOT; };
		935FB2571E20DB6400E3EBD8 /* SystemConfiguration.framework */ = {isa = PBXFileReference; lastKnownFileType = wrapper.framework; name = SystemConfiguration.framework; path = System/Library/Frameworks/SystemConfiguration.framework; sourceTree = SDKROOT; };
		935FB2591E20DB9400E3EBD8 /* Security.framework */ = {isa = PBXFileReference; lastKnownFileType = wrapper.framework; name = Security.framework; path = System/Library/Frameworks/Security.framework; sourceTree = SDKROOT; };
		935FB25B1E20DBBB00E3EBD8 /* MobileCoreServices.framework */ = {isa = PBXFileReference; lastKnownFileType = wrapper.framework; name = MobileCoreServices.framework; path = System/Library/Frameworks/MobileCoreServices.framework; sourceTree = SDKROOT; };
		935FB2601E20E1E600E3EBD8 /* ViewController.mm */ = {isa = PBXFileReference; fileEncoding = 4; lastKnownFileType = sourcecode.cpp.objcpp; path = ViewController.mm; sourceTree = "<group>"; };
		9376DE8A1C1054EE00256A7A /* CustomPreferences.h */ = {isa = PBXFileReference; fileEncoding = 4; lastKnownFileType = sourcecode.c.h; path = CustomPreferences.h; sourceTree = "<group>"; };
		9376DE8B1C1054EE00256A7A /* CustomPreferences.mm */ = {isa = PBXFileReference; fileEncoding = 4; lastKnownFileType = sourcecode.cpp.objcpp; path = CustomPreferences.mm; sourceTree = "<group>"; };
		937B89F61E94E3DF009B127C /* WXImageDownloadModule.h */ = {isa = PBXFileReference; fileEncoding = 4; lastKnownFileType = sourcecode.c.h; path = WXImageDownloadModule.h; sourceTree = "<group>"; };
		937B89F71E94E3DF009B127C /* WXImageDownloadModule.m */ = {isa = PBXFileReference; fileEncoding = 4; lastKnownFileType = sourcecode.c.objc; path = WXImageDownloadModule.m; sourceTree = "<group>"; };
		939F9BE71E35A66300E3BFDE /* URLModel.h */ = {isa = PBXFileReference; fileEncoding = 4; lastKnownFileType = sourcecode.c.h; path = URLModel.h; sourceTree = "<group>"; };
		939F9BE81E35A66300E3BFDE /* URLModel.m */ = {isa = PBXFileReference; fileEncoding = 4; lastKnownFileType = sourcecode.c.objc; path = URLModel.m; sourceTree = "<group>"; };
		93A1F7EF1E8FA9270055044C /* weex_bundle */ = {isa = PBXFileReference; lastKnownFileType = folder; path = weex_bundle; sourceTree = "<group>"; };
		93C9E4761950242300516B63 /* NotificationCenter.framework */ = {isa = PBXFileReference; lastKnownFileType = wrapper.framework; name = NotificationCenter.framework; path = System/Library/Frameworks/NotificationCenter.framework; sourceTree = SDKROOT; };
		E40AB13F22084C3F339366EC /* Pods-UIWebViewDemo.debug.xcconfig */ = {isa = PBXFileReference; includeInIndex = 1; lastKnownFileType = text.xcconfig; name = "Pods-UIWebViewDemo.debug.xcconfig"; path = "Pods/Target Support Files/Pods-UIWebViewDemo/Pods-UIWebViewDemo.debug.xcconfig"; sourceTree = "<group>"; };
/* End PBXFileReference section */

/* Begin PBXFrameworksBuildPhase section */
		9310310F17AC9F2D003BA1EE /* Frameworks */ = {
			isa = PBXFrameworksBuildPhase;
			buildActionMask = 2147483647;
			files = (
				935FB25C1E20DBBB00E3EBD8 /* MobileCoreServices.framework in Frameworks */,
				935FB25A1E20DB9400E3EBD8 /* Security.framework in Frameworks */,
				935FB2581E20DB6400E3EBD8 /* SystemConfiguration.framework in Frameworks */,
				935FB2421E20DAB900E3EBD8 /* QuartzCore.framework in Frameworks */,
				935FB2401E20DA8400E3EBD8 /* CoreFoundation.framework in Frameworks */,
				9310311617AC9F2D003BA1EE /* UIKit.framework in Frameworks */,
				9310311817AC9F2D003BA1EE /* Foundation.framework in Frameworks */,
				9310311A17AC9F2D003BA1EE /* CoreGraphics.framework in Frameworks */,
				119B8A255F1FAB10EC41307D /* libPods-UIWebViewDemo.a in Frameworks */,
			);
			runOnlyForDeploymentPostprocessing = 0;
		};
/* End PBXFrameworksBuildPhase section */

/* Begin PBXGroup section */
		33B1D28B25D7F68DDE616FFC /* Pods */ = {
			isa = PBXGroup;
			children = (
				E40AB13F22084C3F339366EC /* Pods-UIWebViewDemo.debug.xcconfig */,
				5C42C37B1DDFB1D3694E39B9 /* Pods-UIWebViewDemo.release.xcconfig */,
			);
			name = Pods;
			sourceTree = "<group>";
		};
		9310310917AC9F2D003BA1EE = {
			isa = PBXGroup;
			children = (
				9310311B17AC9F2D003BA1EE /* UIWebViewDemo */,
				9310311417AC9F2D003BA1EE /* Frameworks */,
				9310311317AC9F2D003BA1EE /* Products */,
				33B1D28B25D7F68DDE616FFC /* Pods */,
			);
			sourceTree = "<group>";
		};
		9310311317AC9F2D003BA1EE /* Products */ = {
			isa = PBXGroup;
			children = (
				9310311217AC9F2D003BA1EE /* UIWebViewDemo.app */,
			);
			name = Products;
			sourceTree = "<group>";
		};
		9310311417AC9F2D003BA1EE /* Frameworks */ = {
			isa = PBXGroup;
			children = (
				935FB25B1E20DBBB00E3EBD8 /* MobileCoreServices.framework */,
				935FB2591E20DB9400E3EBD8 /* Security.framework */,
				935FB2571E20DB6400E3EBD8 /* SystemConfiguration.framework */,
				935FB2411E20DAB900E3EBD8 /* QuartzCore.framework */,
				935FB23F1E20DA8400E3EBD8 /* CoreFoundation.framework */,
				9310311517AC9F2D003BA1EE /* UIKit.framework */,
				9310311717AC9F2D003BA1EE /* Foundation.framework */,
				9310311917AC9F2D003BA1EE /* CoreGraphics.framework */,
				93C9E4761950242300516B63 /* NotificationCenter.framework */,
				0C2B041FF0D8F2A9FA86CA66 /* libPods-UIWebViewDemo.a */,
			);
			name = Frameworks;
			sourceTree = "<group>";
		};
		9310311B17AC9F2D003BA1EE /* UIWebViewDemo */ = {
			isa = PBXGroup;
			children = (
				937B89F51E94E3B5009B127C /* WeexExtendModule */,
				93A1F7EF1E8FA9270055044C /* weex_bundle */,
				9310312417AC9F2D003BA1EE /* AppDelegate.h */,
				9310312517AC9F2D003BA1EE /* AppDelegate.m */,
				9310312D17AC9F2D003BA1EE /* ViewController.h */,
				935FB2601E20E1E600E3EBD8 /* ViewController.mm */,
				930EE7881A1FA5B900052723 /* CustomURLProtocol.h */,
				930EE7891A1FA5B900052723 /* CustomURLProtocol.m */,
				9376DE8A1C1054EE00256A7A /* CustomPreferences.h */,
				9376DE8B1C1054EE00256A7A /* CustomPreferences.mm */,
				93385A5B1E27AB21001980DC /* UIView+Addtions.h */,
				93385A5C1E27AB21001980DC /* UIView+Addtions.m */,
				93385A581E279597001980DC /* CustomButton.h */,
				93385A591E279597001980DC /* CustomButton.m */,
				939F9BE71E35A66300E3BFDE /* URLModel.h */,
				939F9BE81E35A66300E3BFDE /* URLModel.m */,
				93385A5E1E27B73D001980DC /* URLViewController.h */,
				93385A5F1E27B73D001980DC /* URLViewController.m */,
				931194DD1E8E073800F2AA1C /* BannerViewController.h */,
				931194DE1E8E073800F2AA1C /* BannerViewController.m */,
				9310311C17AC9F2D003BA1EE /* Supporting Files */,
			);
			path = UIWebViewDemo;
			sourceTree = "<group>";
		};
		9310311C17AC9F2D003BA1EE /* Supporting Files */ = {
			isa = PBXGroup;
			children = (
				9310311D17AC9F2D003BA1EE /* UIWebViewDemo-Info.plist */,
				9310311E17AC9F2D003BA1EE /* InfoPlist.strings */,
				9310312117AC9F2D003BA1EE /* main.m */,
				9310312317AC9F2D003BA1EE /* UIWebViewDemo-Prefix.pch */,
				9310312717AC9F2D003BA1EE /* Default.png */,
				9310312917AC9F2D003BA1EE /* Default@2x.png */,
				9310312B17AC9F2D003BA1EE /* Default-568h@2x.png */,
			);
			name = "Supporting Files";
			sourceTree = "<group>";
		};
		937B89F51E94E3B5009B127C /* WeexExtendModule */ = {
			isa = PBXGroup;
			children = (
				937B89F61E94E3DF009B127C /* WXImageDownloadModule.h */,
				937B89F71E94E3DF009B127C /* WXImageDownloadModule.m */,
			);
			path = WeexExtendModule;
			sourceTree = "<group>";
		};
/* End PBXGroup section */

/* Begin PBXNativeTarget section */
		9310311117AC9F2D003BA1EE /* UIWebViewDemo */ = {
			isa = PBXNativeTarget;
			buildConfigurationList = 9310313517AC9F2D003BA1EE /* Build configuration list for PBXNativeTarget "UIWebViewDemo" */;
			buildPhases = (
				48BB69FEC6DD343041867426 /* [CP] Check Pods Manifest.lock */,
				9310310E17AC9F2D003BA1EE /* Sources */,
				9310310F17AC9F2D003BA1EE /* Frameworks */,
				9310311017AC9F2D003BA1EE /* Resources */,
				93C9E4481950227300516B63 /* Embed App Extensions */,
				0A4368B93F63DE46DA5852AB /* [CP] Embed Pods Frameworks */,
				4C2EE59A345F06DE40F6F236 /* [CP] Copy Pods Resources */,
			);
			buildRules = (
			);
			dependencies = (
			);
			name = UIWebViewDemo;
			productName = UIWebViewDemo;
			productReference = 9310311217AC9F2D003BA1EE /* UIWebViewDemo.app */;
			productType = "com.apple.product-type.application";
		};
/* End PBXNativeTarget section */

/* Begin PBXProject section */
		9310310A17AC9F2D003BA1EE /* Project object */ = {
			isa = PBXProject;
			attributes = {
				LastUpgradeCheck = 0820;
				ORGANIZATIONNAME = uc;
				TargetAttributes = {
					9310311117AC9F2D003BA1EE = {
						DevelopmentTeam = 63WDBES6G3;
					};
				};
			};
			buildConfigurationList = 9310310D17AC9F2D003BA1EE /* Build configuration list for PBXProject "UIWebViewDemo" */;
			compatibilityVersion = "Xcode 3.2";
			developmentRegion = English;
			hasScannedForEncodings = 0;
			knownRegions = (
				en,
			);
			mainGroup = 9310310917AC9F2D003BA1EE;
			productRefGroup = 9310311317AC9F2D003BA1EE /* Products */;
			projectDirPath = "";
			projectRoot = "";
			targets = (
				9310311117AC9F2D003BA1EE /* UIWebViewDemo */,
			);
		};
/* End PBXProject section */

/* Begin PBXResourcesBuildPhase section */
		9310311017AC9F2D003BA1EE /* Resources */ = {
			isa = PBXResourcesBuildPhase;
			buildActionMask = 2147483647;
			files = (
				93A1F7F01E8FA9270055044C /* weex_bundle in Resources */,
				9310312017AC9F2D003BA1EE /* InfoPlist.strings in Resources */,
				9310312817AC9F2D003BA1EE /* Default.png in Resources */,
				9310312A17AC9F2D003BA1EE /* Default@2x.png in Resources */,
				9310312C17AC9F2D003BA1EE /* Default-568h@2x.png in Resources */,
			);
			runOnlyForDeploymentPostprocessing = 0;
		};
/* End PBXResourcesBuildPhase section */

/* Begin PBXShellScriptBuildPhase section */
		0A4368B93F63DE46DA5852AB /* [CP] Embed Pods Frameworks */ = {
			isa = PBXShellScriptBuildPhase;
			buildActionMask = 2147483647;
			files = (
			);
			inputPaths = (
			);
			name = "[CP] Embed Pods Frameworks";
			outputPaths = (
			);
			runOnlyForDeploymentPostprocessing = 0;
			shellPath = /bin/sh;
			shellScript = "\"${SRCROOT}/Pods/Target Support Files/Pods-UIWebViewDemo/Pods-UIWebViewDemo-frameworks.sh\"\n";
			showEnvVarsInLog = 0;
		};
		48BB69FEC6DD343041867426 /* [CP] Check Pods Manifest.lock */ = {
			isa = PBXShellScriptBuildPhase;
			buildActionMask = 2147483647;
			files = (
			);
			inputPaths = (
			);
			name = "[CP] Check Pods Manifest.lock";
			outputPaths = (
			);
			runOnlyForDeploymentPostprocessing = 0;
			shellPath = /bin/sh;
			shellScript = "diff \"${PODS_ROOT}/../Podfile.lock\" \"${PODS_ROOT}/Manifest.lock\" > /dev/null\nif [ $? != 0 ] ; then\n    # print error to STDERR\n    echo \"error: The sandbox is not in sync with the Podfile.lock. Run 'pod install' or update your CocoaPods installation.\" >&2\n    exit 1\nfi\n";
			showEnvVarsInLog = 0;
		};
		4C2EE59A345F06DE40F6F236 /* [CP] Copy Pods Resources */ = {
			isa = PBXShellScriptBuildPhase;
			buildActionMask = 2147483647;
			files = (
			);
			inputPaths = (
			);
			name = "[CP] Copy Pods Resources";
			outputPaths = (
			);
			runOnlyForDeploymentPostprocessing = 0;
			shellPath = /bin/sh;
			shellScript = "\"${SRCROOT}/Pods/Target Support Files/Pods-UIWebViewDemo/Pods-UIWebViewDemo-resources.sh\"\n";
			showEnvVarsInLog = 0;
		};
/* End PBXShellScriptBuildPhase section */

/* Begin PBXSourcesBuildPhase section */
		9310310E17AC9F2D003BA1EE /* Sources */ = {
			isa = PBXSourcesBuildPhase;
			buildActionMask = 2147483647;
			files = (
				93385A5A1E279597001980DC /* CustomButton.m in Sources */,
				9310312217AC9F2D003BA1EE /* main.m in Sources */,
				9376DE8C1C1054EE00256A7A /* CustomPreferences.mm in Sources */,
				9310312617AC9F2D003BA1EE /* AppDelegate.m in Sources */,
				93385A5D1E27AB21001980DC /* UIView+Addtions.m in Sources */,
				939F9BE91E35A66300E3BFDE /* URLModel.m in Sources */,
				935FB2611E20E1E600E3EBD8 /* ViewController.mm in Sources */,
				930EE78A1A1FA5B900052723 /* CustomURLProtocol.m in Sources */,
				937B89F81E94E3DF009B127C /* WXImageDownloadModule.m in Sources */,
				931194DF1E8E073800F2AA1C /* BannerViewController.m in Sources */,
				93385A601E27B73D001980DC /* URLViewController.m in Sources */,
			);
			runOnlyForDeploymentPostprocessing = 0;
		};
/* End PBXSourcesBuildPhase section */

/* Begin PBXVariantGroup section */
		9310311E17AC9F2D003BA1EE /* InfoPlist.strings */ = {
			isa = PBXVariantGroup;
			children = (
				9310311F17AC9F2D003BA1EE /* en */,
			);
			name = InfoPlist.strings;
			sourceTree = "<group>";
		};
/* End PBXVariantGroup section */

/* Begin XCBuildConfiguration section */
		9310313317AC9F2D003BA1EE /* Debug */ = {
			isa = XCBuildConfiguration;
			buildSettings = {
				ALWAYS_SEARCH_USER_PATHS = NO;
				CLANG_CXX_LANGUAGE_STANDARD = "gnu++0x";
				CLANG_CXX_LIBRARY = "libc++";
				CLANG_WARN_BOOL_CONVERSION = YES;
				CLANG_WARN_CONSTANT_CONVERSION = YES;
				CLANG_WARN_EMPTY_BODY = YES;
				CLANG_WARN_ENUM_CONVERSION = YES;
				CLANG_WARN_INFINITE_RECURSION = YES;
				CLANG_WARN_INT_CONVERSION = YES;
				CLANG_WARN_SUSPICIOUS_MOVE = YES;
				CLANG_WARN_UNREACHABLE_CODE = YES;
				CLANG_WARN__DUPLICATE_METHOD_MATCH = YES;
				CODE_SIGN_ENTITLEMENTS = UIWebViewDemo/Entitlements.plist;
				"CODE_SIGN_IDENTITY[sdk=iphoneos*]" = "iPhone Developer";
				COPY_PHASE_STRIP = NO;
				ENABLE_STRICT_OBJC_MSGSEND = YES;
				ENABLE_TESTABILITY = YES;
				GCC_C_LANGUAGE_STANDARD = gnu99;
				GCC_DYNAMIC_NO_PIC = NO;
				GCC_NO_COMMON_BLOCKS = YES;
				GCC_OPTIMIZATION_LEVEL = 0;
				GCC_PREPROCESSOR_DEFINITIONS = (
					"DEBUG=1",
					"$(inherited)",
				);
				GCC_SYMBOLS_PRIVATE_EXTERN = NO;
				GCC_WARN_64_TO_32_BIT_CONVERSION = YES;
				GCC_WARN_ABOUT_RETURN_TYPE = YES;
				GCC_WARN_UNDECLARED_SELECTOR = YES;
				GCC_WARN_UNINITIALIZED_AUTOS = YES;
				GCC_WARN_UNUSED_FUNCTION = YES;
				GCC_WARN_UNUSED_VARIABLE = YES;
				IPHONEOS_DEPLOYMENT_TARGET = 8.0;
				ONLY_ACTIVE_ARCH = YES;
				SDKROOT = iphoneos;
			};
			name = Debug;
		};
		9310313417AC9F2D003BA1EE /* Release */ = {
			isa = XCBuildConfiguration;
			buildSettings = {
				ALWAYS_SEARCH_USER_PATHS = NO;
				CLANG_CXX_LANGUAGE_STANDARD = "gnu++0x";
				CLANG_CXX_LIBRARY = "libc++";
				CLANG_WARN_BOOL_CONVERSION = YES;
				CLANG_WARN_CONSTANT_CONVERSION = YES;
				CLANG_WARN_EMPTY_BODY = YES;
				CLANG_WARN_ENUM_CONVERSION = YES;
				CLANG_WARN_INFINITE_RECURSION = YES;
				CLANG_WARN_INT_CONVERSION = YES;
				CLANG_WARN_SUSPICIOUS_MOVE = YES;
				CLANG_WARN_UNREACHABLE_CODE = YES;
				CLANG_WARN__DUPLICATE_METHOD_MATCH = YES;
				CODE_SIGN_ENTITLEMENTS = UIWebViewDemo/Entitlements.plist;
				"CODE_SIGN_IDENTITY[sdk=iphoneos*]" = "iPhone Developer";
				COPY_PHASE_STRIP = YES;
				ENABLE_STRICT_OBJC_MSGSEND = YES;
				GCC_C_LANGUAGE_STANDARD = gnu99;
				GCC_NO_COMMON_BLOCKS = YES;
				GCC_WARN_64_TO_32_BIT_CONVERSION = YES;
				GCC_WARN_ABOUT_RETURN_TYPE = YES;
				GCC_WARN_UNDECLARED_SELECTOR = YES;
				GCC_WARN_UNINITIALIZED_AUTOS = YES;
				GCC_WARN_UNUSED_FUNCTION = YES;
				GCC_WARN_UNUSED_VARIABLE = YES;
				IPHONEOS_DEPLOYMENT_TARGET = 8.0;
				OTHER_CFLAGS = "-DNS_BLOCK_ASSERTIONS=1";
				SDKROOT = iphoneos;
				VALIDATE_PRODUCT = YES;
			};
			name = Release;
		};
		9310313617AC9F2D003BA1EE /* Debug */ = {
			isa = XCBuildConfiguration;
			baseConfigurationReference = E40AB13F22084C3F339366EC /* Pods-UIWebViewDemo.debug.xcconfig */;
			buildSettings = {
				CLANG_ENABLE_OBJC_ARC = YES;
				CODE_SIGN_ENTITLEMENTS = "";
				CODE_SIGN_IDENTITY = "iPhone Developer";
				"CODE_SIGN_IDENTITY[sdk=iphoneos*]" = "iPhone Developer";
				DEVELOPMENT_TEAM = 63WDBES6G3;
				FRAMEWORK_SEARCH_PATHS = "$(inherited)";
				GCC_PRECOMPILE_PREFIX_HEADER = YES;
				GCC_PREFIX_HEADER = "UIWebViewDemo/UIWebViewDemo-Prefix.pch";
				INFOPLIST_FILE = "UIWebViewDemo/UIWebViewDemo-Info.plist";
				IPHONEOS_DEPLOYMENT_TARGET = 8.0;
				PRODUCT_BUNDLE_IDENTIFIER = com.professor.demo;
				PRODUCT_NAME = "$(TARGET_NAME)";
				PROVISIONING_PROFILE = "";
				WRAPPER_EXTENSION = app;
			};
			name = Debug;
		};
		9310313717AC9F2D003BA1EE /* Release */ = {
			isa = XCBuildConfiguration;
			baseConfigurationReference = 5C42C37B1DDFB1D3694E39B9 /* Pods-UIWebViewDemo.release.xcconfig */;
			buildSettings = {
				CLANG_ENABLE_OBJC_ARC = YES;
				CODE_SIGN_ENTITLEMENTS = "";
				CODE_SIGN_IDENTITY = "iPhone Developer";
				"CODE_SIGN_IDENTITY[sdk=iphoneos*]" = "iPhone Developer";
				DEVELOPMENT_TEAM = 63WDBES6G3;
				FRAMEWORK_SEARCH_PATHS = "$(inherited)";
				GCC_PRECOMPILE_PREFIX_HEADER = YES;
				GCC_PREFIX_HEADER = "UIWebViewDemo/UIWebViewDemo-Prefix.pch";
				INFOPLIST_FILE = "UIWebViewDemo/UIWebViewDemo-Info.plist";
				IPHONEOS_DEPLOYMENT_TARGET = 8.0;
				PRODUCT_BUNDLE_IDENTIFIER = com.professor.demo;
				PRODUCT_NAME = "$(TARGET_NAME)";
				PROVISIONING_PROFILE = "";
				WRAPPER_EXTENSION = app;
			};
			name = Release;
		};
/* End XCBuildConfiguration section */

/* Begin XCConfigurationList section */
		9310310D17AC9F2D003BA1EE /* Build configuration list for PBXProject "UIWebViewDemo" */ = {
			isa = XCConfigurationList;
			buildConfigurations = (
				9310313317AC9F2D003BA1EE /* Debug */,
				9310313417AC9F2D003BA1EE /* Release */,
			);
			defaultConfigurationIsVisible = 0;
			defaultConfigurationName = Release;
		};
		9310313517AC9F2D003BA1EE /* Build configuration list for PBXNativeTarget "UIWebViewDemo" */ = {
			isa = XCConfigurationList;
			buildConfigurations = (
				9310313617AC9F2D003BA1EE /* Debug */,
				9310313717AC9F2D003BA1EE /* Release */,
			);
			defaultConfigurationIsVisible = 0;
			defaultConfigurationName = Release;
		};
/* End XCConfigurationList section */
	};
	rootObject = 9310310A17AC9F2D003BA1EE /* Project object */;
}
